// !$*UTF8*$!
{
	archiveVersion = 1;
	classes = {
	};
	objectVersion = 56;
	objects = {

/* Begin PBXBuildFile section */
		FA5E485129E0184400ECE577 /* Category.swift in Sources */ = {isa = PBXBuildFile; fileRef = FA5E485029E0184400ECE577 /* Category.swift */; };
		FA5E485429E0986E00ECE577 /* CategoriesRepository.swift in Sources */ = {isa = PBXBuildFile; fileRef = FA5E485329E0986E00ECE577 /* CategoriesRepository.swift */; };
		FA5E485629E099C200ECE577 /* CategoryStorage.swift in Sources */ = {isa = PBXBuildFile; fileRef = FA5E485529E099C200ECE577 /* CategoryStorage.swift */; };
		FA5E485929E15CE100ECE577 /* Category.xcdatamodeld in Sources */ = {isa = PBXBuildFile; fileRef = FA5E485729E15CE100ECE577 /* Category.xcdatamodeld */; };
		FA5E485B29E2A7B100ECE577 /* GetCategoriesInteractor.swift in Sources */ = {isa = PBXBuildFile; fileRef = FA5E485A29E2A7B100ECE577 /* GetCategoriesInteractor.swift */; };
		FA5E485F29E2B2D500ECE577 /* FlexibleView.swift in Sources */ = {isa = PBXBuildFile; fileRef = FA5E485E29E2B2D500ECE577 /* FlexibleView.swift */; };
		FA5E486229E2B3F800ECE577 /* readSize.swift in Sources */ = {isa = PBXBuildFile; fileRef = FA5E486129E2B3F800ECE577 /* readSize.swift */; };
		FA5E486529E2B4CB00ECE577 /* TagModel.swift in Sources */ = {isa = PBXBuildFile; fileRef = FA5E486429E2B4CB00ECE577 /* TagModel.swift */; };
		FA5E486729E5511E00ECE577 /* Constants.swift in Sources */ = {isa = PBXBuildFile; fileRef = FA5E486629E5511E00ECE577 /* Constants.swift */; };
		FA5E486929E555C500ECE577 /* Root.swift in Sources */ = {isa = PBXBuildFile; fileRef = FA5E486829E555C500ECE577 /* Root.swift */; };
		FA5E486C29E5F4BC00ECE577 /* ProductsRepository.swift in Sources */ = {isa = PBXBuildFile; fileRef = FA5E486B29E5F4BC00ECE577 /* ProductsRepository.swift */; };
		FA5E486E29E5F68900ECE577 /* ProductResponse.swift in Sources */ = {isa = PBXBuildFile; fileRef = FA5E486D29E5F68900ECE577 /* ProductResponse.swift */; };
		FA5E487129E5FEF900ECE577 /* Product.xcdatamodeld in Sources */ = {isa = PBXBuildFile; fileRef = FA5E486F29E5FEF900ECE577 /* Product.xcdatamodeld */; };
		FA5E487329E6006800ECE577 /* ProductStorage.swift in Sources */ = {isa = PBXBuildFile; fileRef = FA5E487229E6006800ECE577 /* ProductStorage.swift */; };
		FA5E487629E60F9E00ECE577 /* GetAllProductsInteractor.swift in Sources */ = {isa = PBXBuildFile; fileRef = FA5E487529E60F9E00ECE577 /* GetAllProductsInteractor.swift */; };
		FA5E487829E6101500ECE577 /* GetProductsForCategoryInteractor.swift in Sources */ = {isa = PBXBuildFile; fileRef = FA5E487729E6101500ECE577 /* GetProductsForCategoryInteractor.swift */; };
		FA5E487A29E69D8A00ECE577 /* RefreshProductsCacheInteractor.swift in Sources */ = {isa = PBXBuildFile; fileRef = FA5E487929E69D8A00ECE577 /* RefreshProductsCacheInteractor.swift */; };
		FA5E487C29E740B700ECE577 /* TagView.swift in Sources */ = {isa = PBXBuildFile; fileRef = FA5E487B29E740B700ECE577 /* TagView.swift */; };
		FA5E487F29E7438800ECE577 /* ProductsView.swift in Sources */ = {isa = PBXBuildFile; fileRef = FA5E487E29E7438800ECE577 /* ProductsView.swift */; };
		FA5E488129E7B5A400ECE577 /* ProductsViewModel.swift in Sources */ = {isa = PBXBuildFile; fileRef = FA5E488029E7B5A400ECE577 /* ProductsViewModel.swift */; };
		FA5E488329E8A5EB00ECE577 /* PrintfulErrorResponse.swift in Sources */ = {isa = PBXBuildFile; fileRef = FA5E488229E8A5EB00ECE577 /* PrintfulErrorResponse.swift */; };
		FA5E488629E8B9F000ECE577 /* GetGrouppedCategoriesInteractor.swift in Sources */ = {isa = PBXBuildFile; fileRef = FA5E488529E8B9F000ECE577 /* GetGrouppedCategoriesInteractor.swift */; };
		FA5E488929E97B5800ECE577 /* FavoritesView.swift in Sources */ = {isa = PBXBuildFile; fileRef = FA5E488829E97B5800ECE577 /* FavoritesView.swift */; };
		FA5E488B29E99ED300ECE577 /* GetFavoritedProductsInteractor.swift in Sources */ = {isa = PBXBuildFile; fileRef = FA5E488A29E99ED300ECE577 /* GetFavoritedProductsInteractor.swift */; };
		FA5E488E29E9E5FF00ECE577 /* ProductRowView.swift in Sources */ = {isa = PBXBuildFile; fileRef = FA5E488D29E9E5FF00ECE577 /* ProductRowView.swift */; };
		FA5E489029E9E61400ECE577 /* ProductRowModel.swift in Sources */ = {isa = PBXBuildFile; fileRef = FA5E488F29E9E61400ECE577 /* ProductRowModel.swift */; };
		FA5E489429EB4DB600ECE577 /* ProductDetailView.swift in Sources */ = {isa = PBXBuildFile; fileRef = FA5E489329EB4DB600ECE577 /* ProductDetailView.swift */; };
		FA5E489629EB4DC900ECE577 /* ProductDetailViewModel.swift in Sources */ = {isa = PBXBuildFile; fileRef = FA5E489529EB4DC900ECE577 /* ProductDetailViewModel.swift */; };
		FA5E489829EB599300ECE577 /* GetProductInteractor.swift in Sources */ = {isa = PBXBuildFile; fileRef = FA5E489729EB599300ECE577 /* GetProductInteractor.swift */; };
		FA5E489A29EB59BB00ECE577 /* SelectFavoriteProductInteractor.swift in Sources */ = {isa = PBXBuildFile; fileRef = FA5E489929EB59BB00ECE577 /* SelectFavoriteProductInteractor.swift */; };
		FA5E489D29EB6B6300ECE577 /* ProductImage.swift in Sources */ = {isa = PBXBuildFile; fileRef = FA5E489C29EB6B6300ECE577 /* ProductImage.swift */; };
		FAD4665729D1FF7500EA3AFB /* PrintfulApp.swift in Sources */ = {isa = PBXBuildFile; fileRef = FAD4665629D1FF7500EA3AFB /* PrintfulApp.swift */; };
		FAD4665929D1FF7500EA3AFB /* CategoriesView.swift in Sources */ = {isa = PBXBuildFile; fileRef = FAD4665829D1FF7500EA3AFB /* CategoriesView.swift */; };
		FAD4665B29D1FF7600EA3AFB /* Assets.xcassets in Resources */ = {isa = PBXBuildFile; fileRef = FAD4665A29D1FF7600EA3AFB /* Assets.xcassets */; };
		FAD4665E29D1FF7600EA3AFB /* Preview Assets.xcassets in Resources */ = {isa = PBXBuildFile; fileRef = FAD4665D29D1FF7600EA3AFB /* Preview Assets.xcassets */; };
		FAD4666829D1FF7600EA3AFB /* PrintfulTests.swift in Sources */ = {isa = PBXBuildFile; fileRef = FAD4666729D1FF7600EA3AFB /* PrintfulTests.swift */; };
		FAD4667229D1FF7600EA3AFB /* PrintfulUITests.swift in Sources */ = {isa = PBXBuildFile; fileRef = FAD4667129D1FF7600EA3AFB /* PrintfulUITests.swift */; };
		FAD4667429D1FF7600EA3AFB /* PrintfulUITestsLaunchTests.swift in Sources */ = {isa = PBXBuildFile; fileRef = FAD4667329D1FF7600EA3AFB /* PrintfulUITestsLaunchTests.swift */; };
		FAD4668C29D2413600EA3AFB /* RootView.swift in Sources */ = {isa = PBXBuildFile; fileRef = FAD4668B29D2413600EA3AFB /* RootView.swift */; };
		FAD4668E29D2415C00EA3AFB /* TabController.swift in Sources */ = {isa = PBXBuildFile; fileRef = FAD4668D29D2415C00EA3AFB /* TabController.swift */; };
		FAD4669029D2427300EA3AFB /* CategoriesViewModel.swift in Sources */ = {isa = PBXBuildFile; fileRef = FAD4668F29D2427300EA3AFB /* CategoriesViewModel.swift */; };
		FAD4669329D2450600EA3AFB /* String+ValidUrl.swift in Sources */ = {isa = PBXBuildFile; fileRef = FAD4669229D2450600EA3AFB /* String+ValidUrl.swift */; };
		FAD4669529D245A800EA3AFB /* NetworkManager.swift in Sources */ = {isa = PBXBuildFile; fileRef = FAD4669429D245A800EA3AFB /* NetworkManager.swift */; };
		FAD4669729D2461100EA3AFB /* ReachabilityManager.swift in Sources */ = {isa = PBXBuildFile; fileRef = FAD4669629D2461100EA3AFB /* ReachabilityManager.swift */; };
		FAD4669929D246E400EA3AFB /* ApiError.swift in Sources */ = {isa = PBXBuildFile; fileRef = FAD4669829D246E400EA3AFB /* ApiError.swift */; };
		FAD466A029D2B8D600EA3AFB /* CoreDataManager.swift in Sources */ = {isa = PBXBuildFile; fileRef = FAD4669F29D2B8D600EA3AFB /* CoreDataManager.swift */; };
/* End PBXBuildFile section */

/* Begin PBXContainerItemProxy section */
		FAD4666429D1FF7600EA3AFB /* PBXContainerItemProxy */ = {
			isa = PBXContainerItemProxy;
			containerPortal = FAD4664B29D1FF7500EA3AFB /* Project object */;
			proxyType = 1;
			remoteGlobalIDString = FAD4665229D1FF7500EA3AFB;
			remoteInfo = Printful;
		};
		FAD4666E29D1FF7600EA3AFB /* PBXContainerItemProxy */ = {
			isa = PBXContainerItemProxy;
			containerPortal = FAD4664B29D1FF7500EA3AFB /* Project object */;
			proxyType = 1;
			remoteGlobalIDString = FAD4665229D1FF7500EA3AFB;
			remoteInfo = Printful;
		};
/* End PBXContainerItemProxy section */

/* Begin PBXFileReference section */
		FA5E485029E0184400ECE577 /* Category.swift */ = {isa = PBXFileReference; lastKnownFileType = sourcecode.swift; path = Category.swift; sourceTree = "<group>"; };
		FA5E485329E0986E00ECE577 /* CategoriesRepository.swift */ = {isa = PBXFileReference; lastKnownFileType = sourcecode.swift; path = CategoriesRepository.swift; sourceTree = "<group>"; };
		FA5E485529E099C200ECE577 /* CategoryStorage.swift */ = {isa = PBXFileReference; lastKnownFileType = sourcecode.swift; path = CategoryStorage.swift; sourceTree = "<group>"; };
		FA5E485829E15CE100ECE577 /* Categories.xcdatamodel */ = {isa = PBXFileReference; lastKnownFileType = wrapper.xcdatamodel; path = Categories.xcdatamodel; sourceTree = "<group>"; };
		FA5E485A29E2A7B100ECE577 /* GetCategoriesInteractor.swift */ = {isa = PBXFileReference; lastKnownFileType = sourcecode.swift; path = GetCategoriesInteractor.swift; sourceTree = "<group>"; };
		FA5E485E29E2B2D500ECE577 /* FlexibleView.swift */ = {isa = PBXFileReference; lastKnownFileType = sourcecode.swift; path = FlexibleView.swift; sourceTree = "<group>"; };
		FA5E486129E2B3F800ECE577 /* readSize.swift */ = {isa = PBXFileReference; lastKnownFileType = sourcecode.swift; path = readSize.swift; sourceTree = "<group>"; };
		FA5E486429E2B4CB00ECE577 /* TagModel.swift */ = {isa = PBXFileReference; lastKnownFileType = sourcecode.swift; path = TagModel.swift; sourceTree = "<group>"; };
		FA5E486629E5511E00ECE577 /* Constants.swift */ = {isa = PBXFileReference; lastKnownFileType = sourcecode.swift; path = Constants.swift; sourceTree = "<group>"; };
		FA5E486829E555C500ECE577 /* Root.swift */ = {isa = PBXFileReference; lastKnownFileType = sourcecode.swift; path = Root.swift; sourceTree = "<group>"; };
		FA5E486B29E5F4BC00ECE577 /* ProductsRepository.swift */ = {isa = PBXFileReference; lastKnownFileType = sourcecode.swift; path = ProductsRepository.swift; sourceTree = "<group>"; };
		FA5E486D29E5F68900ECE577 /* ProductResponse.swift */ = {isa = PBXFileReference; lastKnownFileType = sourcecode.swift; path = ProductResponse.swift; sourceTree = "<group>"; };
		FA5E487029E5FEF900ECE577 /* Model.xcdatamodel */ = {isa = PBXFileReference; lastKnownFileType = wrapper.xcdatamodel; path = Model.xcdatamodel; sourceTree = "<group>"; };
		FA5E487229E6006800ECE577 /* ProductStorage.swift */ = {isa = PBXFileReference; lastKnownFileType = sourcecode.swift; path = ProductStorage.swift; sourceTree = "<group>"; };
		FA5E487529E60F9E00ECE577 /* GetAllProductsInteractor.swift */ = {isa = PBXFileReference; lastKnownFileType = sourcecode.swift; path = GetAllProductsInteractor.swift; sourceTree = "<group>"; };
		FA5E487729E6101500ECE577 /* GetProductsForCategoryInteractor.swift */ = {isa = PBXFileReference; lastKnownFileType = sourcecode.swift; path = GetProductsForCategoryInteractor.swift; sourceTree = "<group>"; };
		FA5E487929E69D8A00ECE577 /* RefreshProductsCacheInteractor.swift */ = {isa = PBXFileReference; lastKnownFileType = sourcecode.swift; path = RefreshProductsCacheInteractor.swift; sourceTree = "<group>"; };
		FA5E487B29E740B700ECE577 /* TagView.swift */ = {isa = PBXFileReference; lastKnownFileType = sourcecode.swift; path = TagView.swift; sourceTree = "<group>"; };
		FA5E487E29E7438800ECE577 /* ProductsView.swift */ = {isa = PBXFileReference; lastKnownFileType = sourcecode.swift; path = ProductsView.swift; sourceTree = "<group>"; };
		FA5E488029E7B5A400ECE577 /* ProductsViewModel.swift */ = {isa = PBXFileReference; lastKnownFileType = sourcecode.swift; path = ProductsViewModel.swift; sourceTree = "<group>"; };
		FA5E488229E8A5EB00ECE577 /* PrintfulErrorResponse.swift */ = {isa = PBXFileReference; lastKnownFileType = sourcecode.swift; path = PrintfulErrorResponse.swift; sourceTree = "<group>"; };
		FA5E488529E8B9F000ECE577 /* GetGrouppedCategoriesInteractor.swift */ = {isa = PBXFileReference; lastKnownFileType = sourcecode.swift; path = GetGrouppedCategoriesInteractor.swift; sourceTree = "<group>"; };
		FA5E488829E97B5800ECE577 /* FavoritesView.swift */ = {isa = PBXFileReference; lastKnownFileType = sourcecode.swift; path = FavoritesView.swift; sourceTree = "<group>"; };
		FA5E488A29E99ED300ECE577 /* GetFavoritedProductsInteractor.swift */ = {isa = PBXFileReference; lastKnownFileType = sourcecode.swift; path = GetFavoritedProductsInteractor.swift; sourceTree = "<group>"; };
		FA5E488D29E9E5FF00ECE577 /* ProductRowView.swift */ = {isa = PBXFileReference; lastKnownFileType = sourcecode.swift; path = ProductRowView.swift; sourceTree = "<group>"; };
		FA5E488F29E9E61400ECE577 /* ProductRowModel.swift */ = {isa = PBXFileReference; lastKnownFileType = sourcecode.swift; path = ProductRowModel.swift; sourceTree = "<group>"; };
		FA5E489329EB4DB600ECE577 /* ProductDetailView.swift */ = {isa = PBXFileReference; lastKnownFileType = sourcecode.swift; path = ProductDetailView.swift; sourceTree = "<group>"; };
		FA5E489529EB4DC900ECE577 /* ProductDetailViewModel.swift */ = {isa = PBXFileReference; lastKnownFileType = sourcecode.swift; path = ProductDetailViewModel.swift; sourceTree = "<group>"; };
		FA5E489729EB599300ECE577 /* GetProductInteractor.swift */ = {isa = PBXFileReference; lastKnownFileType = sourcecode.swift; path = GetProductInteractor.swift; sourceTree = "<group>"; };
		FA5E489929EB59BB00ECE577 /* SelectFavoriteProductInteractor.swift */ = {isa = PBXFileReference; lastKnownFileType = sourcecode.swift; path = SelectFavoriteProductInteractor.swift; sourceTree = "<group>"; };
		FA5E489C29EB6B6300ECE577 /* ProductImage.swift */ = {isa = PBXFileReference; lastKnownFileType = sourcecode.swift; path = ProductImage.swift; sourceTree = "<group>"; };
		FA5E489E29EB6F3B00ECE577 /* Info.plist */ = {isa = PBXFileReference; lastKnownFileType = text.plist; path = Info.plist; sourceTree = "<group>"; };
		FAD4665329D1FF7500EA3AFB /* Printful.app */ = {isa = PBXFileReference; explicitFileType = wrapper.application; includeInIndex = 0; path = Printful.app; sourceTree = BUILT_PRODUCTS_DIR; };
		FAD4665629D1FF7500EA3AFB /* PrintfulApp.swift */ = {isa = PBXFileReference; lastKnownFileType = sourcecode.swift; path = PrintfulApp.swift; sourceTree = "<group>"; };
		FAD4665829D1FF7500EA3AFB /* CategoriesView.swift */ = {isa = PBXFileReference; lastKnownFileType = sourcecode.swift; path = CategoriesView.swift; sourceTree = "<group>"; };
		FAD4665A29D1FF7600EA3AFB /* Assets.xcassets */ = {isa = PBXFileReference; lastKnownFileType = folder.assetcatalog; path = Assets.xcassets; sourceTree = "<group>"; };
		FAD4665D29D1FF7600EA3AFB /* Preview Assets.xcassets */ = {isa = PBXFileReference; lastKnownFileType = folder.assetcatalog; path = "Preview Assets.xcassets"; sourceTree = "<group>"; };
		FAD4666329D1FF7600EA3AFB /* PrintfulTests.xctest */ = {isa = PBXFileReference; explicitFileType = wrapper.cfbundle; includeInIndex = 0; path = PrintfulTests.xctest; sourceTree = BUILT_PRODUCTS_DIR; };
		FAD4666729D1FF7600EA3AFB /* PrintfulTests.swift */ = {isa = PBXFileReference; lastKnownFileType = sourcecode.swift; path = PrintfulTests.swift; sourceTree = "<group>"; };
		FAD4666D29D1FF7600EA3AFB /* PrintfulUITests.xctest */ = {isa = PBXFileReference; explicitFileType = wrapper.cfbundle; includeInIndex = 0; path = PrintfulUITests.xctest; sourceTree = BUILT_PRODUCTS_DIR; };
		FAD4667129D1FF7600EA3AFB /* PrintfulUITests.swift */ = {isa = PBXFileReference; lastKnownFileType = sourcecode.swift; path = PrintfulUITests.swift; sourceTree = "<group>"; };
		FAD4667329D1FF7600EA3AFB /* PrintfulUITestsLaunchTests.swift */ = {isa = PBXFileReference; lastKnownFileType = sourcecode.swift; path = PrintfulUITestsLaunchTests.swift; sourceTree = "<group>"; };
		FAD4668B29D2413600EA3AFB /* RootView.swift */ = {isa = PBXFileReference; lastKnownFileType = sourcecode.swift; path = RootView.swift; sourceTree = "<group>"; };
		FAD4668D29D2415C00EA3AFB /* TabController.swift */ = {isa = PBXFileReference; lastKnownFileType = sourcecode.swift; path = TabController.swift; sourceTree = "<group>"; };
		FAD4668F29D2427300EA3AFB /* CategoriesViewModel.swift */ = {isa = PBXFileReference; lastKnownFileType = sourcecode.swift; path = CategoriesViewModel.swift; sourceTree = "<group>"; };
		FAD4669229D2450600EA3AFB /* String+ValidUrl.swift */ = {isa = PBXFileReference; lastKnownFileType = sourcecode.swift; path = "String+ValidUrl.swift"; sourceTree = "<group>"; };
		FAD4669429D245A800EA3AFB /* NetworkManager.swift */ = {isa = PBXFileReference; lastKnownFileType = sourcecode.swift; path = NetworkManager.swift; sourceTree = "<group>"; };
		FAD4669629D2461100EA3AFB /* ReachabilityManager.swift */ = {isa = PBXFileReference; lastKnownFileType = sourcecode.swift; path = ReachabilityManager.swift; sourceTree = "<group>"; };
		FAD4669829D246E400EA3AFB /* ApiError.swift */ = {isa = PBXFileReference; lastKnownFileType = sourcecode.swift; path = ApiError.swift; sourceTree = "<group>"; };
		FAD4669F29D2B8D600EA3AFB /* CoreDataManager.swift */ = {isa = PBXFileReference; lastKnownFileType = sourcecode.swift; path = CoreDataManager.swift; sourceTree = "<group>"; };
/* End PBXFileReference section */

/* Begin PBXFrameworksBuildPhase section */
		FAD4665029D1FF7500EA3AFB /* Frameworks */ = {
			isa = PBXFrameworksBuildPhase;
			buildActionMask = 2147483647;
			files = (
			);
			runOnlyForDeploymentPostprocessing = 0;
		};
		FAD4666029D1FF7600EA3AFB /* Frameworks */ = {
			isa = PBXFrameworksBuildPhase;
			buildActionMask = 2147483647;
			files = (
			);
			runOnlyForDeploymentPostprocessing = 0;
		};
		FAD4666A29D1FF7600EA3AFB /* Frameworks */ = {
			isa = PBXFrameworksBuildPhase;
			buildActionMask = 2147483647;
			files = (
			);
			runOnlyForDeploymentPostprocessing = 0;
		};
/* End PBXFrameworksBuildPhase section */

/* Begin PBXGroup section */
		FA5E485229E0985000ECE577 /* Categories */ = {
			isa = PBXGroup;
			children = (
				FA5E485329E0986E00ECE577 /* CategoriesRepository.swift */,
				FA5E485529E099C200ECE577 /* CategoryStorage.swift */,
				FA5E485729E15CE100ECE577 /* Category.xcdatamodeld */,
			);
			path = Categories;
			sourceTree = "<group>";
		};
		FA5E485C29E2A7B700ECE577 /* Categories */ = {
			isa = PBXGroup;
			children = (
				FA5E485A29E2A7B100ECE577 /* GetCategoriesInteractor.swift */,
				FA5E488529E8B9F000ECE577 /* GetGrouppedCategoriesInteractor.swift */,
			);
			path = Categories;
			sourceTree = "<group>";
		};
		FA5E485D29E2B2B700ECE577 /* FlexibleView */ = {
			isa = PBXGroup;
			children = (
				FA5E485E29E2B2D500ECE577 /* FlexibleView.swift */,
			);
			path = FlexibleView;
			sourceTree = "<group>";
		};
		FA5E486029E2B3D800ECE577 /* SwiftUI */ = {
			isa = PBXGroup;
			children = (
				FA5E486129E2B3F800ECE577 /* readSize.swift */,
			);
			path = SwiftUI;
			sourceTree = "<group>";
		};
		FA5E486329E2B4AD00ECE577 /* TagView */ = {
			isa = PBXGroup;
			children = (
				FA5E486429E2B4CB00ECE577 /* TagModel.swift */,
				FA5E487B29E740B700ECE577 /* TagView.swift */,
			);
			path = TagView;
			sourceTree = "<group>";
		};
		FA5E486A29E5F47900ECE577 /* Products */ = {
			isa = PBXGroup;
			children = (
				FA5E486B29E5F4BC00ECE577 /* ProductsRepository.swift */,
				FA5E487229E6006800ECE577 /* ProductStorage.swift */,
				FA5E486F29E5FEF900ECE577 /* Product.xcdatamodeld */,
			);
			path = Products;
			sourceTree = "<group>";
		};
		FA5E487429E60F7900ECE577 /* Products */ = {
			isa = PBXGroup;
			children = (
				FA5E487529E60F9E00ECE577 /* GetAllProductsInteractor.swift */,
				FA5E487729E6101500ECE577 /* GetProductsForCategoryInteractor.swift */,
				FA5E487929E69D8A00ECE577 /* RefreshProductsCacheInteractor.swift */,
				FA5E488A29E99ED300ECE577 /* GetFavoritedProductsInteractor.swift */,
				FA5E489729EB599300ECE577 /* GetProductInteractor.swift */,
				FA5E489929EB59BB00ECE577 /* SelectFavoriteProductInteractor.swift */,
			);
			path = Products;
			sourceTree = "<group>";
		};
		FA5E488429E8A63900ECE577 /* Error */ = {
			isa = PBXGroup;
			children = (
				FA5E488229E8A5EB00ECE577 /* PrintfulErrorResponse.swift */,
				FAD4669829D246E400EA3AFB /* ApiError.swift */,
			);
			path = Error;
			sourceTree = "<group>";
		};
		FA5E488C29E9E56300ECE577 /* ProductRow */ = {
			isa = PBXGroup;
			children = (
				FA5E488D29E9E5FF00ECE577 /* ProductRowView.swift */,
				FA5E488F29E9E61400ECE577 /* ProductRowModel.swift */,
			);
			path = ProductRow;
			sourceTree = "<group>";
		};
		FA5E489129EB4C5800ECE577 /* ProductDetail */ = {
			isa = PBXGroup;
			children = (
				FA5E489329EB4DB600ECE577 /* ProductDetailView.swift */,
				FA5E489529EB4DC900ECE577 /* ProductDetailViewModel.swift */,
			);
			path = ProductDetail;
			sourceTree = "<group>";
		};
		FA5E489229EB4C9800ECE577 /* Products */ = {
			isa = PBXGroup;
			children = (
				FA5E488829E97B5800ECE577 /* FavoritesView.swift */,
				FA5E487E29E7438800ECE577 /* ProductsView.swift */,
				FA5E488029E7B5A400ECE577 /* ProductsViewModel.swift */,
			);
			path = Products;
			sourceTree = "<group>";
		};
		FA5E489B29EB6B2900ECE577 /* ProductImage */ = {
			isa = PBXGroup;
			children = (
				FA5E489C29EB6B6300ECE577 /* ProductImage.swift */,
			);
			path = ProductImage;
			sourceTree = "<group>";
		};
		FAD4664A29D1FF7500EA3AFB = {
			isa = PBXGroup;
			children = (
				FAD4665529D1FF7500EA3AFB /* Printful */,
				FAD4666629D1FF7600EA3AFB /* PrintfulTests */,
				FAD4667029D1FF7600EA3AFB /* PrintfulUITests */,
				FAD4665429D1FF7500EA3AFB /* Products */,
			);
			sourceTree = "<group>";
		};
		FAD4665429D1FF7500EA3AFB /* Products */ = {
			isa = PBXGroup;
			children = (
				FAD4665329D1FF7500EA3AFB /* Printful.app */,
				FAD4666329D1FF7600EA3AFB /* PrintfulTests.xctest */,
				FAD4666D29D1FF7600EA3AFB /* PrintfulUITests.xctest */,
			);
			name = Products;
			sourceTree = "<group>";
		};
		FAD4665529D1FF7500EA3AFB /* Printful */ = {
			isa = PBXGroup;
			children = (
				FA5E489E29EB6F3B00ECE577 /* Info.plist */,
				FAD4668329D2395B00EA3AFB /* Extensions */,
				FAD4668229D2394900EA3AFB /* Models */,
				FAD4668029D2377500EA3AFB /* Providers */,
				FAD4668129D2391B00EA3AFB /* Interactors */,
				FAD4668429D2398A00EA3AFB /* UI */,
				FAD4665629D1FF7500EA3AFB /* PrintfulApp.swift */,
				FAD4665A29D1FF7600EA3AFB /* Assets.xcassets */,
				FAD4665C29D1FF7600EA3AFB /* Preview Content */,
				FA5E486829E555C500ECE577 /* Root.swift */,
			);
			path = Printful;
			sourceTree = "<group>";
		};
		FAD4665C29D1FF7600EA3AFB /* Preview Content */ = {
			isa = PBXGroup;
			children = (
				FAD4665D29D1FF7600EA3AFB /* Preview Assets.xcassets */,
			);
			path = "Preview Content";
			sourceTree = "<group>";
		};
		FAD4666629D1FF7600EA3AFB /* PrintfulTests */ = {
			isa = PBXGroup;
			children = (
				FAD4666729D1FF7600EA3AFB /* PrintfulTests.swift */,
			);
			path = PrintfulTests;
			sourceTree = "<group>";
		};
		FAD4667029D1FF7600EA3AFB /* PrintfulUITests */ = {
			isa = PBXGroup;
			children = (
				FAD4667129D1FF7600EA3AFB /* PrintfulUITests.swift */,
				FAD4667329D1FF7600EA3AFB /* PrintfulUITestsLaunchTests.swift */,
			);
			path = PrintfulUITests;
			sourceTree = "<group>";
		};
		FAD4668029D2377500EA3AFB /* Providers */ = {
			isa = PBXGroup;
			children = (
				FAD4668629D239AF00EA3AFB /* Repositories */,
				FAD4668529D239A300EA3AFB /* Managers */,
			);
			path = Providers;
			sourceTree = "<group>";
		};
		FAD4668129D2391B00EA3AFB /* Interactors */ = {
			isa = PBXGroup;
			children = (
				FA5E487429E60F7900ECE577 /* Products */,
				FA5E485C29E2A7B700ECE577 /* Categories */,
			);
			path = Interactors;
			sourceTree = "<group>";
		};
		FAD4668229D2394900EA3AFB /* Models */ = {
			isa = PBXGroup;
			children = (
				FA5E488429E8A63900ECE577 /* Error */,
				FA5E485029E0184400ECE577 /* Category.swift */,
				FA5E486D29E5F68900ECE577 /* ProductResponse.swift */,
			);
			path = Models;
			sourceTree = "<group>";
		};
		FAD4668329D2395B00EA3AFB /* Extensions */ = {
			isa = PBXGroup;
			children = (
				FA5E486029E2B3D800ECE577 /* SwiftUI */,
				FAD4669129D2446B00EA3AFB /* String */,
			);
			path = Extensions;
			sourceTree = "<group>";
		};
		FAD4668429D2398A00EA3AFB /* UI */ = {
			isa = PBXGroup;
			children = (
				FAD4668829D23A1300EA3AFB /* ViewContainers */,
				FAD4668729D23A0400EA3AFB /* ViewComponents */,
				FAD4668A29D23A9300EA3AFB /* Root */,
			);
			path = UI;
			sourceTree = "<group>";
		};
		FAD4668529D239A300EA3AFB /* Managers */ = {
			isa = PBXGroup;
			children = (
				FAD4669F29D2B8D600EA3AFB /* CoreDataManager.swift */,
				FAD4669429D245A800EA3AFB /* NetworkManager.swift */,
				FAD4669629D2461100EA3AFB /* ReachabilityManager.swift */,
				FA5E486629E5511E00ECE577 /* Constants.swift */,
			);
			path = Managers;
			sourceTree = "<group>";
		};
		FAD4668629D239AF00EA3AFB /* Repositories */ = {
			isa = PBXGroup;
			children = (
				FA5E486A29E5F47900ECE577 /* Products */,
				FA5E485229E0985000ECE577 /* Categories */,
			);
			path = Repositories;
			sourceTree = "<group>";
		};
		FAD4668729D23A0400EA3AFB /* ViewComponents */ = {
			isa = PBXGroup;
			children = (
				FA5E489B29EB6B2900ECE577 /* ProductImage */,
				FA5E488C29E9E56300ECE577 /* ProductRow */,
				FA5E486329E2B4AD00ECE577 /* TagView */,
				FA5E485D29E2B2B700ECE577 /* FlexibleView */,
			);
			path = ViewComponents;
			sourceTree = "<group>";
		};
		FAD4668829D23A1300EA3AFB /* ViewContainers */ = {
			isa = PBXGroup;
			children = (
				FA5E489229EB4C9800ECE577 /* Products */,
				FA5E489129EB4C5800ECE577 /* ProductDetail */,
				FAD4668929D23A2D00EA3AFB /* Categories */,
			);
			path = ViewContainers;
			sourceTree = "<group>";
		};
		FAD4668929D23A2D00EA3AFB /* Categories */ = {
			isa = PBXGroup;
			children = (
				FAD4665829D1FF7500EA3AFB /* CategoriesView.swift */,
				FAD4668F29D2427300EA3AFB /* CategoriesViewModel.swift */,
			);
			path = Categories;
			sourceTree = "<group>";
		};
		FAD4668A29D23A9300EA3AFB /* Root */ = {
			isa = PBXGroup;
			children = (
				FAD4668B29D2413600EA3AFB /* RootView.swift */,
				FAD4668D29D2415C00EA3AFB /* TabController.swift */,
			);
			path = Root;
			sourceTree = "<group>";
		};
		FAD4669129D2446B00EA3AFB /* String */ = {
			isa = PBXGroup;
			children = (
				FAD4669229D2450600EA3AFB /* String+ValidUrl.swift */,
			);
			path = String;
			sourceTree = "<group>";
		};
/* End PBXGroup section */

/* Begin PBXNativeTarget section */
		FAD4665229D1FF7500EA3AFB /* Printful */ = {
			isa = PBXNativeTarget;
			buildConfigurationList = FAD4667729D1FF7600EA3AFB /* Build configuration list for PBXNativeTarget "Printful" */;
			buildPhases = (
				FAD4664F29D1FF7500EA3AFB /* Sources */,
				FAD4665029D1FF7500EA3AFB /* Frameworks */,
				FAD4665129D1FF7500EA3AFB /* Resources */,
			);
			buildRules = (
			);
			dependencies = (
			);
			name = Printful;
			productName = Printful;
			productReference = FAD4665329D1FF7500EA3AFB /* Printful.app */;
			productType = "com.apple.product-type.application";
		};
		FAD4666229D1FF7600EA3AFB /* PrintfulTests */ = {
			isa = PBXNativeTarget;
			buildConfigurationList = FAD4667A29D1FF7600EA3AFB /* Build configuration list for PBXNativeTarget "PrintfulTests" */;
			buildPhases = (
				FAD4665F29D1FF7600EA3AFB /* Sources */,
				FAD4666029D1FF7600EA3AFB /* Frameworks */,
				FAD4666129D1FF7600EA3AFB /* Resources */,
			);
			buildRules = (
			);
			dependencies = (
				FAD4666529D1FF7600EA3AFB /* PBXTargetDependency */,
			);
			name = PrintfulTests;
			productName = PrintfulTests;
			productReference = FAD4666329D1FF7600EA3AFB /* PrintfulTests.xctest */;
			productType = "com.apple.product-type.bundle.unit-test";
		};
		FAD4666C29D1FF7600EA3AFB /* PrintfulUITests */ = {
			isa = PBXNativeTarget;
			buildConfigurationList = FAD4667D29D1FF7600EA3AFB /* Build configuration list for PBXNativeTarget "PrintfulUITests" */;
			buildPhases = (
				FAD4666929D1FF7600EA3AFB /* Sources */,
				FAD4666A29D1FF7600EA3AFB /* Frameworks */,
				FAD4666B29D1FF7600EA3AFB /* Resources */,
			);
			buildRules = (
			);
			dependencies = (
				FAD4666F29D1FF7600EA3AFB /* PBXTargetDependency */,
			);
			name = PrintfulUITests;
			productName = PrintfulUITests;
			productReference = FAD4666D29D1FF7600EA3AFB /* PrintfulUITests.xctest */;
			productType = "com.apple.product-type.bundle.ui-testing";
		};
/* End PBXNativeTarget section */

/* Begin PBXProject section */
		FAD4664B29D1FF7500EA3AFB /* Project object */ = {
			isa = PBXProject;
			attributes = {
				BuildIndependentTargetsInParallel = 1;
				LastSwiftUpdateCheck = 1420;
				LastUpgradeCheck = 1420;
				TargetAttributes = {
					FAD4665229D1FF7500EA3AFB = {
						CreatedOnToolsVersion = 14.2;
					};
					FAD4666229D1FF7600EA3AFB = {
						CreatedOnToolsVersion = 14.2;
						TestTargetID = FAD4665229D1FF7500EA3AFB;
					};
					FAD4666C29D1FF7600EA3AFB = {
						CreatedOnToolsVersion = 14.2;
						TestTargetID = FAD4665229D1FF7500EA3AFB;
					};
				};
			};
			buildConfigurationList = FAD4664E29D1FF7500EA3AFB /* Build configuration list for PBXProject "Printful" */;
			compatibilityVersion = "Xcode 14.0";
			developmentRegion = en;
			hasScannedForEncodings = 0;
			knownRegions = (
				en,
				Base,
			);
			mainGroup = FAD4664A29D1FF7500EA3AFB;
			productRefGroup = FAD4665429D1FF7500EA3AFB /* Products */;
			projectDirPath = "";
			projectRoot = "";
			targets = (
				FAD4665229D1FF7500EA3AFB /* Printful */,
				FAD4666229D1FF7600EA3AFB /* PrintfulTests */,
				FAD4666C29D1FF7600EA3AFB /* PrintfulUITests */,
			);
		};
/* End PBXProject section */

/* Begin PBXResourcesBuildPhase section */
		FAD4665129D1FF7500EA3AFB /* Resources */ = {
			isa = PBXResourcesBuildPhase;
			buildActionMask = 2147483647;
			files = (
				FAD4665E29D1FF7600EA3AFB /* Preview Assets.xcassets in Resources */,
				FAD4665B29D1FF7600EA3AFB /* Assets.xcassets in Resources */,
			);
			runOnlyForDeploymentPostprocessing = 0;
		};
		FAD4666129D1FF7600EA3AFB /* Resources */ = {
			isa = PBXResourcesBuildPhase;
			buildActionMask = 2147483647;
			files = (
			);
			runOnlyForDeploymentPostprocessing = 0;
		};
		FAD4666B29D1FF7600EA3AFB /* Resources */ = {
			isa = PBXResourcesBuildPhase;
			buildActionMask = 2147483647;
			files = (
			);
			runOnlyForDeploymentPostprocessing = 0;
		};
/* End PBXResourcesBuildPhase section */

/* Begin PBXSourcesBuildPhase section */
		FAD4664F29D1FF7500EA3AFB /* Sources */ = {
			isa = PBXSourcesBuildPhase;
			buildActionMask = 2147483647;
			files = (
				FAD4669729D2461100EA3AFB /* ReachabilityManager.swift in Sources */,
				FA5E487129E5FEF900ECE577 /* Product.xcdatamodeld in Sources */,
				FA5E488629E8B9F000ECE577 /* GetGrouppedCategoriesInteractor.swift in Sources */,
				FA5E486729E5511E00ECE577 /* Constants.swift in Sources */,
				FAD4665929D1FF7500EA3AFB /* CategoriesView.swift in Sources */,
				FA5E486229E2B3F800ECE577 /* readSize.swift in Sources */,
				FA5E487329E6006800ECE577 /* ProductStorage.swift in Sources */,
				FA5E489829EB599300ECE577 /* GetProductInteractor.swift in Sources */,
				FAD4669329D2450600EA3AFB /* String+ValidUrl.swift in Sources */,
				FA5E485F29E2B2D500ECE577 /* FlexibleView.swift in Sources */,
				FA5E486529E2B4CB00ECE577 /* TagModel.swift in Sources */,
				FA5E488B29E99ED300ECE577 /* GetFavoritedProductsInteractor.swift in Sources */,
				FA5E489629EB4DC900ECE577 /* ProductDetailViewModel.swift in Sources */,
				FA5E487A29E69D8A00ECE577 /* RefreshProductsCacheInteractor.swift in Sources */,
				FA5E488929E97B5800ECE577 /* FavoritesView.swift in Sources */,
				FAD4668E29D2415C00EA3AFB /* TabController.swift in Sources */,
				FA5E487C29E740B700ECE577 /* TagView.swift in Sources */,
				FAD4669529D245A800EA3AFB /* NetworkManager.swift in Sources */,
				FA5E486C29E5F4BC00ECE577 /* ProductsRepository.swift in Sources */,
				FA5E486929E555C500ECE577 /* Root.swift in Sources */,
				FAD466A029D2B8D600EA3AFB /* CoreDataManager.swift in Sources */,
				FA5E486E29E5F68900ECE577 /* ProductResponse.swift in Sources */,
				FAD4669929D246E400EA3AFB /* ApiError.swift in Sources */,
				FA5E488129E7B5A400ECE577 /* ProductsViewModel.swift in Sources */,
				FAD4665729D1FF7500EA3AFB /* PrintfulApp.swift in Sources */,
				FA5E489429EB4DB600ECE577 /* ProductDetailView.swift in Sources */,
				FA5E485429E0986E00ECE577 /* CategoriesRepository.swift in Sources */,
				FA5E485129E0184400ECE577 /* Category.swift in Sources */,
				FA5E489029E9E61400ECE577 /* ProductRowModel.swift in Sources */,
				FAD4669029D2427300EA3AFB /* CategoriesViewModel.swift in Sources */,
				FA5E485B29E2A7B100ECE577 /* GetCategoriesInteractor.swift in Sources */,
				FA5E487829E6101500ECE577 /* GetProductsForCategoryInteractor.swift in Sources */,
				FA5E487629E60F9E00ECE577 /* GetAllProductsInteractor.swift in Sources */,
				FAD4668C29D2413600EA3AFB /* RootView.swift in Sources */,
				FA5E489D29EB6B6300ECE577 /* ProductImage.swift in Sources */,
				FA5E488E29E9E5FF00ECE577 /* ProductRowView.swift in Sources */,
				FA5E488329E8A5EB00ECE577 /* PrintfulErrorResponse.swift in Sources */,
				FA5E489A29EB59BB00ECE577 /* SelectFavoriteProductInteractor.swift in Sources */,
				FA5E485929E15CE100ECE577 /* Category.xcdatamodeld in Sources */,
				FA5E485629E099C200ECE577 /* CategoryStorage.swift in Sources */,
				FA5E487F29E7438800ECE577 /* ProductsView.swift in Sources */,
			);
			runOnlyForDeploymentPostprocessing = 0;
		};
		FAD4665F29D1FF7600EA3AFB /* Sources */ = {
			isa = PBXSourcesBuildPhase;
			buildActionMask = 2147483647;
			files = (
				FAD4666829D1FF7600EA3AFB /* PrintfulTests.swift in Sources */,
			);
			runOnlyForDeploymentPostprocessing = 0;
		};
		FAD4666929D1FF7600EA3AFB /* Sources */ = {
			isa = PBXSourcesBuildPhase;
			buildActionMask = 2147483647;
			files = (
				FAD4667429D1FF7600EA3AFB /* PrintfulUITestsLaunchTests.swift in Sources */,
				FAD4667229D1FF7600EA3AFB /* PrintfulUITests.swift in Sources */,
			);
			runOnlyForDeploymentPostprocessing = 0;
		};
/* End PBXSourcesBuildPhase section */

/* Begin PBXTargetDependency section */
		FAD4666529D1FF7600EA3AFB /* PBXTargetDependency */ = {
			isa = PBXTargetDependency;
			target = FAD4665229D1FF7500EA3AFB /* Printful */;
			targetProxy = FAD4666429D1FF7600EA3AFB /* PBXContainerItemProxy */;
		};
		FAD4666F29D1FF7600EA3AFB /* PBXTargetDependency */ = {
			isa = PBXTargetDependency;
			target = FAD4665229D1FF7500EA3AFB /* Printful */;
			targetProxy = FAD4666E29D1FF7600EA3AFB /* PBXContainerItemProxy */;
		};
/* End PBXTargetDependency section */

/* Begin XCBuildConfiguration section */
		FAD4667529D1FF7600EA3AFB /* Debug */ = {
			isa = XCBuildConfiguration;
			buildSettings = {
				ALWAYS_SEARCH_USER_PATHS = NO;
				CLANG_ANALYZER_NONNULL = YES;
				CLANG_ANALYZER_NUMBER_OBJECT_CONVERSION = YES_AGGRESSIVE;
				CLANG_CXX_LANGUAGE_STANDARD = "gnu++20";
				CLANG_ENABLE_MODULES = YES;
				CLANG_ENABLE_OBJC_ARC = YES;
				CLANG_ENABLE_OBJC_WEAK = YES;
				CLANG_WARN_BLOCK_CAPTURE_AUTORELEASING = YES;
				CLANG_WARN_BOOL_CONVERSION = YES;
				CLANG_WARN_COMMA = YES;
				CLANG_WARN_CONSTANT_CONVERSION = YES;
				CLANG_WARN_DEPRECATED_OBJC_IMPLEMENTATIONS = YES;
				CLANG_WARN_DIRECT_OBJC_ISA_USAGE = YES_ERROR;
				CLANG_WARN_DOCUMENTATION_COMMENTS = YES;
				CLANG_WARN_EMPTY_BODY = YES;
				CLANG_WARN_ENUM_CONVERSION = YES;
				CLANG_WARN_INFINITE_RECURSION = YES;
				CLANG_WARN_INT_CONVERSION = YES;
				CLANG_WARN_NON_LITERAL_NULL_CONVERSION = YES;
				CLANG_WARN_OBJC_IMPLICIT_RETAIN_SELF = YES;
				CLANG_WARN_OBJC_LITERAL_CONVERSION = YES;
				CLANG_WARN_OBJC_ROOT_CLASS = YES_ERROR;
				CLANG_WARN_QUOTED_INCLUDE_IN_FRAMEWORK_HEADER = YES;
				CLANG_WARN_RANGE_LOOP_ANALYSIS = YES;
				CLANG_WARN_STRICT_PROTOTYPES = YES;
				CLANG_WARN_SUSPICIOUS_MOVE = YES;
				CLANG_WARN_UNGUARDED_AVAILABILITY = YES_AGGRESSIVE;
				CLANG_WARN_UNREACHABLE_CODE = YES;
				CLANG_WARN__DUPLICATE_METHOD_MATCH = YES;
				COPY_PHASE_STRIP = NO;
				DEBUG_INFORMATION_FORMAT = dwarf;
				ENABLE_STRICT_OBJC_MSGSEND = YES;
				ENABLE_TESTABILITY = YES;
				GCC_C_LANGUAGE_STANDARD = gnu11;
				GCC_DYNAMIC_NO_PIC = NO;
				GCC_NO_COMMON_BLOCKS = YES;
				GCC_OPTIMIZATION_LEVEL = 0;
				GCC_PREPROCESSOR_DEFINITIONS = (
					"DEBUG=1",
					"$(inherited)",
				);
				GCC_WARN_64_TO_32_BIT_CONVERSION = YES;
				GCC_WARN_ABOUT_RETURN_TYPE = YES_ERROR;
				GCC_WARN_UNDECLARED_SELECTOR = YES;
				GCC_WARN_UNINITIALIZED_AUTOS = YES_AGGRESSIVE;
				GCC_WARN_UNUSED_FUNCTION = YES;
				GCC_WARN_UNUSED_VARIABLE = YES;
				IPHONEOS_DEPLOYMENT_TARGET = 16.2;
				MTL_ENABLE_DEBUG_INFO = INCLUDE_SOURCE;
				MTL_FAST_MATH = YES;
				ONLY_ACTIVE_ARCH = YES;
				SDKROOT = iphoneos;
				SWIFT_ACTIVE_COMPILATION_CONDITIONS = DEBUG;
				SWIFT_OPTIMIZATION_LEVEL = "-Onone";
			};
			name = Debug;
		};
		FAD4667629D1FF7600EA3AFB /* Release */ = {
			isa = XCBuildConfiguration;
			buildSettings = {
				ALWAYS_SEARCH_USER_PATHS = NO;
				CLANG_ANALYZER_NONNULL = YES;
				CLANG_ANALYZER_NUMBER_OBJECT_CONVERSION = YES_AGGRESSIVE;
				CLANG_CXX_LANGUAGE_STANDARD = "gnu++20";
				CLANG_ENABLE_MODULES = YES;
				CLANG_ENABLE_OBJC_ARC = YES;
				CLANG_ENABLE_OBJC_WEAK = YES;
				CLANG_WARN_BLOCK_CAPTURE_AUTORELEASING = YES;
				CLANG_WARN_BOOL_CONVERSION = YES;
				CLANG_WARN_COMMA = YES;
				CLANG_WARN_CONSTANT_CONVERSION = YES;
				CLANG_WARN_DEPRECATED_OBJC_IMPLEMENTATIONS = YES;
				CLANG_WARN_DIRECT_OBJC_ISA_USAGE = YES_ERROR;
				CLANG_WARN_DOCUMENTATION_COMMENTS = YES;
				CLANG_WARN_EMPTY_BODY = YES;
				CLANG_WARN_ENUM_CONVERSION = YES;
				CLANG_WARN_INFINITE_RECURSION = YES;
				CLANG_WARN_INT_CONVERSION = YES;
				CLANG_WARN_NON_LITERAL_NULL_CONVERSION = YES;
				CLANG_WARN_OBJC_IMPLICIT_RETAIN_SELF = YES;
				CLANG_WARN_OBJC_LITERAL_CONVERSION = YES;
				CLANG_WARN_OBJC_ROOT_CLASS = YES_ERROR;
				CLANG_WARN_QUOTED_INCLUDE_IN_FRAMEWORK_HEADER = YES;
				CLANG_WARN_RANGE_LOOP_ANALYSIS = YES;
				CLANG_WARN_STRICT_PROTOTYPES = YES;
				CLANG_WARN_SUSPICIOUS_MOVE = YES;
				CLANG_WARN_UNGUARDED_AVAILABILITY = YES_AGGRESSIVE;
				CLANG_WARN_UNREACHABLE_CODE = YES;
				CLANG_WARN__DUPLICATE_METHOD_MATCH = YES;
				COPY_PHASE_STRIP = NO;
				DEBUG_INFORMATION_FORMAT = "dwarf-with-dsym";
				ENABLE_NS_ASSERTIONS = NO;
				ENABLE_STRICT_OBJC_MSGSEND = YES;
				GCC_C_LANGUAGE_STANDARD = gnu11;
				GCC_NO_COMMON_BLOCKS = YES;
				GCC_WARN_64_TO_32_BIT_CONVERSION = YES;
				GCC_WARN_ABOUT_RETURN_TYPE = YES_ERROR;
				GCC_WARN_UNDECLARED_SELECTOR = YES;
				GCC_WARN_UNINITIALIZED_AUTOS = YES_AGGRESSIVE;
				GCC_WARN_UNUSED_FUNCTION = YES;
				GCC_WARN_UNUSED_VARIABLE = YES;
				IPHONEOS_DEPLOYMENT_TARGET = 16.2;
				MTL_ENABLE_DEBUG_INFO = NO;
				MTL_FAST_MATH = YES;
				SDKROOT = iphoneos;
				SWIFT_COMPILATION_MODE = wholemodule;
				SWIFT_OPTIMIZATION_LEVEL = "-O";
				VALIDATE_PRODUCT = YES;
			};
			name = Release;
		};
		FAD4667829D1FF7600EA3AFB /* Debug */ = {
			isa = XCBuildConfiguration;
			buildSettings = {
				ASSETCATALOG_COMPILER_APPICON_NAME = AppIcon;
				ASSETCATALOG_COMPILER_GLOBAL_ACCENT_COLOR_NAME = AccentColor;
				CODE_SIGN_STYLE = Automatic;
				CURRENT_PROJECT_VERSION = 1;
				DEVELOPMENT_ASSET_PATHS = "\"Printful/Preview Content\"";
				DEVELOPMENT_TEAM = H9557RVYS7;
				ENABLE_PREVIEWS = YES;
				GENERATE_INFOPLIST_FILE = YES;
				INFOPLIST_FILE = Printful/Info.plist;
				INFOPLIST_KEY_UIApplicationSceneManifest_Generation = YES;
				INFOPLIST_KEY_UIApplicationSupportsIndirectInputEvents = YES;
				INFOPLIST_KEY_UISupportedInterfaceOrientations = UIInterfaceOrientationPortrait;
				LD_RUNPATH_SEARCH_PATHS = (
					"$(inherited)",
					"@executable_path/Frameworks",
				);
				MARKETING_VERSION = 1.0;
				PRODUCT_BUNDLE_IDENTIFIER = lv.armandsberzins.Printful;
				PRODUCT_NAME = "$(TARGET_NAME)";
				SWIFT_EMIT_LOC_STRINGS = YES;
				SWIFT_VERSION = 5.0;
				TARGETED_DEVICE_FAMILY = "1,2";
			};
			name = Debug;
		};
		FAD4667929D1FF7600EA3AFB /* Release */ = {
			isa = XCBuildConfiguration;
			buildSettings = {
				ASSETCATALOG_COMPILER_APPICON_NAME = AppIcon;
				ASSETCATALOG_COMPILER_GLOBAL_ACCENT_COLOR_NAME = AccentColor;
				CODE_SIGN_STYLE = Automatic;
				CURRENT_PROJECT_VERSION = 1;
				DEVELOPMENT_ASSET_PATHS = "\"Printful/Preview Content\"";
				DEVELOPMENT_TEAM = H9557RVYS7;
				ENABLE_PREVIEWS = YES;
				GENERATE_INFOPLIST_FILE = YES;
				INFOPLIST_FILE = Printful/Info.plist;
				INFOPLIST_KEY_UIApplicationSceneManifest_Generation = YES;
				INFOPLIST_KEY_UIApplicationSupportsIndirectInputEvents = YES;
				INFOPLIST_KEY_UISupportedInterfaceOrientations = UIInterfaceOrientationPortrait;
				LD_RUNPATH_SEARCH_PATHS = (
					"$(inherited)",
					"@executable_path/Frameworks",
				);
				MARKETING_VERSION = 1.0;
				PRODUCT_BUNDLE_IDENTIFIER = lv.armandsberzins.Printful;
				PRODUCT_NAME = "$(TARGET_NAME)";
				SWIFT_EMIT_LOC_STRINGS = YES;
				SWIFT_VERSION = 5.0;
				TARGETED_DEVICE_FAMILY = "1,2";
			};
			name = Release;
		};
		FAD4667B29D1FF7600EA3AFB /* Debug */ = {
			isa = XCBuildConfiguration;
			buildSettings = {
				ALWAYS_EMBED_SWIFT_STANDARD_LIBRARIES = YES;
				BUNDLE_LOADER = "$(TEST_HOST)";
				CODE_SIGN_STYLE = Automatic;
				CURRENT_PROJECT_VERSION = 1;
				DEVELOPMENT_TEAM = H9557RVYS7;
				GENERATE_INFOPLIST_FILE = YES;
				IPHONEOS_DEPLOYMENT_TARGET = 16.2;
				MARKETING_VERSION = 1.0;
				PRODUCT_BUNDLE_IDENTIFIER = lv.armandsberzins.PrintfulTests;
				PRODUCT_NAME = "$(TARGET_NAME)";
				SWIFT_EMIT_LOC_STRINGS = NO;
				SWIFT_VERSION = 5.0;
				TARGETED_DEVICE_FAMILY = "1,2";
				TEST_HOST = "$(BUILT_PRODUCTS_DIR)/Printful.app/$(BUNDLE_EXECUTABLE_FOLDER_PATH)/Printful";
			};
			name = Debug;
		};
		FAD4667C29D1FF7600EA3AFB /* Release */ = {
			isa = XCBuildConfiguration;
			buildSettings = {
				ALWAYS_EMBED_SWIFT_STANDARD_LIBRARIES = YES;
				BUNDLE_LOADER = "$(TEST_HOST)";
				CODE_SIGN_STYLE = Automatic;
				CURRENT_PROJECT_VERSION = 1;
				DEVELOPMENT_TEAM = H9557RVYS7;
				GENERATE_INFOPLIST_FILE = YES;
				IPHONEOS_DEPLOYMENT_TARGET = 16.2;
				MARKETING_VERSION = 1.0;
				PRODUCT_BUNDLE_IDENTIFIER = lv.armandsberzins.PrintfulTests;
				PRODUCT_NAME = "$(TARGET_NAME)";
				SWIFT_EMIT_LOC_STRINGS = NO;
				SWIFT_VERSION = 5.0;
				TARGETED_DEVICE_FAMILY = "1,2";
				TEST_HOST = "$(BUILT_PRODUCTS_DIR)/Printful.app/$(BUNDLE_EXECUTABLE_FOLDER_PATH)/Printful";
			};
			name = Release;
		};
		FAD4667E29D1FF7600EA3AFB /* Debug */ = {
			isa = XCBuildConfiguration;
			buildSettings = {
				ALWAYS_EMBED_SWIFT_STANDARD_LIBRARIES = YES;
				CODE_SIGN_STYLE = Automatic;
				CURRENT_PROJECT_VERSION = 1;
				DEVELOPMENT_TEAM = H9557RVYS7;
				GENERATE_INFOPLIST_FILE = YES;
				MARKETING_VERSION = 1.0;
				PRODUCT_BUNDLE_IDENTIFIER = lv.armandsberzins.PrintfulUITests;
				PRODUCT_NAME = "$(TARGET_NAME)";
				SWIFT_EMIT_LOC_STRINGS = NO;
				SWIFT_VERSION = 5.0;
				TARGETED_DEVICE_FAMILY = "1,2";
				TEST_TARGET_NAME = Printful;
			};
			name = Debug;
		};
		FAD4667F29D1FF7600EA3AFB /* Release */ = {
			isa = XCBuildConfiguration;
			buildSettings = {
				ALWAYS_EMBED_SWIFT_STANDARD_LIBRARIES = YES;
				CODE_SIGN_STYLE = Automatic;
				CURRENT_PROJECT_VERSION = 1;
				DEVELOPMENT_TEAM = H9557RVYS7;
				GENERATE_INFOPLIST_FILE = YES;
				MARKETING_VERSION = 1.0;
				PRODUCT_BUNDLE_IDENTIFIER = lv.armandsberzins.PrintfulUITests;
				PRODUCT_NAME = "$(TARGET_NAME)";
				SWIFT_EMIT_LOC_STRINGS = NO;
				SWIFT_VERSION = 5.0;
				TARGETED_DEVICE_FAMILY = "1,2";
				TEST_TARGET_NAME = Printful;
			};
			name = Release;
		};
/* End XCBuildConfiguration section */

/* Begin XCConfigurationList section */
		FAD4664E29D1FF7500EA3AFB /* Build configuration list for PBXProject "Printful" */ = {
			isa = XCConfigurationList;
			buildConfigurations = (
				FAD4667529D1FF7600EA3AFB /* Debug */,
				FAD4667629D1FF7600EA3AFB /* Release */,
			);
			defaultConfigurationIsVisible = 0;
			defaultConfigurationName = Release;
		};
		FAD4667729D1FF7600EA3AFB /* Build configuration list for PBXNativeTarget "Printful" */ = {
			isa = XCConfigurationList;
			buildConfigurations = (
				FAD4667829D1FF7600EA3AFB /* Debug */,
				FAD4667929D1FF7600EA3AFB /* Release */,
			);
			defaultConfigurationIsVisible = 0;
			defaultConfigurationName = Release;
		};
		FAD4667A29D1FF7600EA3AFB /* Build configuration list for PBXNativeTarget "PrintfulTests" */ = {
			isa = XCConfigurationList;
			buildConfigurations = (
				FAD4667B29D1FF7600EA3AFB /* Debug */,
				FAD4667C29D1FF7600EA3AFB /* Release */,
			);
			defaultConfigurationIsVisible = 0;
			defaultConfigurationName = Release;
		};
		FAD4667D29D1FF7600EA3AFB /* Build configuration list for PBXNativeTarget "PrintfulUITests" */ = {
			isa = XCConfigurationList;
			buildConfigurations = (
				FAD4667E29D1FF7600EA3AFB /* Debug */,
				FAD4667F29D1FF7600EA3AFB /* Release */,
			);
			defaultConfigurationIsVisible = 0;
			defaultConfigurationName = Release;
		};
/* End XCConfigurationList section */

/* Begin XCVersionGroup section */
		FA5E485729E15CE100ECE577 /* Category.xcdatamodeld */ = {
			isa = XCVersionGroup;
			children = (
				FA5E485829E15CE100ECE577 /* Categories.xcdatamodel */,
			);
			currentVersion = FA5E485829E15CE100ECE577 /* Categories.xcdatamodel */;
			path = Category.xcdatamodeld;
			sourceTree = "<group>";
			versionGroupType = wrapper.xcdatamodel;
		};
		FA5E486F29E5FEF900ECE577 /* Product.xcdatamodeld */ = {
			isa = XCVersionGroup;
			children = (
				FA5E487029E5FEF900ECE577 /* Model.xcdatamodel */,
			);
			currentVersion = FA5E487029E5FEF900ECE577 /* Model.xcdatamodel */;
			path = Product.xcdatamodeld;
			sourceTree = "<group>";
			versionGroupType = wrapper.xcdatamodel;
		};
/* End XCVersionGroup section */
	};
	rootObject = FAD4664B29D1FF7500EA3AFB /* Project object */;
}
